
Microsoft Visual Studio Solution File, Format Version 12.00
Project("{FAE04EC0-301F-11D3-BF4B-00C04F79EFBC}") = "schedule-tools", "schedule-tools\schedule-tools.csproj", "{DF179564-F158-491F-A494-98BC796B6D8D}"
EndProject
Global
	GlobalSection(SolutionConfigurationPlatforms) = preSolution
		Debug|Any CPU = Debug|Any CPU
		Release|Any CPU = Release|Any CPU
	EndGlobalSection
	GlobalSection(ProjectConfigurationPlatforms) = postSolution
		{DF179564-F158-491F-A494-98BC796B6D8D}.Debug|Any CPU.ActiveCfg = Debug|Any CPU
		{DF179564-F158-491F-A494-98BC796B6D8D}.Debug|Any CPU.Build.0 = Debug|Any CPU
		{DF179564-F158-491F-A494-98BC796B6D8D}.Release|Any CPU.ActiveCfg = Release|Any CPU
		{DF179564-F158-491F-A494-98BC796B6D8D}.Release|Any CPU.Build.0 = Release|Any CPU
	EndGlobalSection
EndGlobal
